
Microsoft Visual Studio Solution File, Format Version 12.00
# Visual Studio 15
VisualStudioVersion = 15.0.26730.10
MinimumVisualStudioVersion = 10.0.40219.1
Project("{FAE04EC0-301F-11D3-BF4B-00C04F79EFBC}") = "MusicApp.Data", "MusicApp.Data\MusicApp.Data.csproj", "{E62FE25D-C2C1-40F3-86F1-715E28A21059}"
EndProject
Project("{FAE04EC0-301F-11D3-BF4B-00C04F79EFBC}") = "MusicApp.Domain", "MusicApp.Domain\MusicApp.Domain.csproj", "{5CA4429B-8A3B-4B07-B720-D2C4F691D8FF}"
EndProject
Project("{FAE04EC0-301F-11D3-BF4B-00C04F79EFBC}") = "MusicApp.UI", "MusicApp.UI\MusicApp.UI.csproj", "{016873F0-6E06-4577-A031-2427384D25F4}"
EndProject
Global
	GlobalSection(SolutionConfigurationPlatforms) = preSolution
		Debug|Any CPU = Debug|Any CPU
		Release|Any CPU = Release|Any CPU
	EndGlobalSection
	GlobalSection(ProjectConfigurationPlatforms) = postSolution
		{E62FE25D-C2C1-40F3-86F1-715E28A21059}.Debug|Any CPU.ActiveCfg = Debug|Any CPU
		{E62FE25D-C2C1-40F3-86F1-715E28A21059}.Debug|Any CPU.Build.0 = Debug|Any CPU
		{E62FE25D-C2C1-40F3-86F1-715E28A21059}.Release|Any CPU.ActiveCfg = Release|Any CPU
		{E62FE25D-C2C1-40F3-86F1-715E28A21059}.Release|Any CPU.Build.0 = Release|Any CPU
		{5CA4429B-8A3B-4B07-B720-D2C4F691D8FF}.Debug|Any CPU.ActiveCfg = Debug|Any CPU
		{5CA4429B-8A3B-4B07-B720-D2C4F691D8FF}.Debug|Any CPU.Build.0 = Debug|Any CPU
		{5CA4429B-8A3B-4B07-B720-D2C4F691D8FF}.Release|Any CPU.ActiveCfg = Release|Any CPU
		{5CA4429B-8A3B-4B07-B720-D2C4F691D8FF}.Release|Any CPU.Build.0 = Release|Any CPU
		{016873F0-6E06-4577-A031-2427384D25F4}.Debug|Any CPU.ActiveCfg = Debug|Any CPU
		{016873F0-6E06-4577-A031-2427384D25F4}.Debug|Any CPU.Build.0 = Debug|Any CPU
		{016873F0-6E06-4577-A031-2427384D25F4}.Release|Any CPU.ActiveCfg = Release|Any CPU
		{016873F0-6E06-4577-A031-2427384D25F4}.Release|Any CPU.Build.0 = Release|Any CPU
	EndGlobalSection
	GlobalSection(SolutionProperties) = preSolution
		HideSolutionNode = FALSE
	EndGlobalSection
	GlobalSection(ExtensibilityGlobals) = postSolution
		SolutionGuid = {3DE7496F-E4AC-45E8-B3BB-2852E850371D}
	EndGlobalSection
EndGlobal
